
Microsoft Visual Studio Solution File, Format Version 12.00
# Visual Studio Version 17
VisualStudioVersion = 17.10.35201.131
MinimumVisualStudioVersion = 10.0.40219.1
Project("{FAE04EC0-301F-11D3-BF4B-00C04F79EFBC}") = "VowelsAndConsonants", "VowelsAndConsonants\VowelsAndConsonants.csproj", "{7D09CE22-01A0-4A74-8E41-36F40917679D}"
EndProject
Project("{FAE04EC0-301F-11D3-BF4B-00C04F79EFBC}") = "VowlesConsonantsTest", "VowlesConsonantsTest\VowlesConsonantsTest.csproj", "{892FC418-F432-4749-AC7F-64B8A59073AF}"
EndProject
Global
	GlobalSection(SolutionConfigurationPlatforms) = preSolution
		Debug|Any CPU = Debug|Any CPU
		Release|Any CPU = Release|Any CPU
	EndGlobalSection
	GlobalSection(ProjectConfigurationPlatforms) = postSolution
		{7D09CE22-01A0-4A74-8E41-36F40917679D}.Debug|Any CPU.ActiveCfg = Debug|Any CPU
		{7D09CE22-01A0-4A74-8E41-36F40917679D}.Debug|Any CPU.Build.0 = Debug|Any CPU
		{7D09CE22-01A0-4A74-8E41-36F40917679D}.Release|Any CPU.ActiveCfg = Release|Any CPU
		{7D09CE22-01A0-4A74-8E41-36F40917679D}.Release|Any CPU.Build.0 = Release|Any CPU
		{892FC418-F432-4749-AC7F-64B8A59073AF}.Debug|Any CPU.ActiveCfg = Debug|Any CPU
		{892FC418-F432-4749-AC7F-64B8A59073AF}.Debug|Any CPU.Build.0 = Debug|Any CPU
		{892FC418-F432-4749-AC7F-64B8A59073AF}.Release|Any CPU.ActiveCfg = Release|Any CPU
		{892FC418-F432-4749-AC7F-64B8A59073AF}.Release|Any CPU.Build.0 = Release|Any CPU
	EndGlobalSection
	GlobalSection(SolutionProperties) = preSolution
		HideSolutionNode = FALSE
	EndGlobalSection
	GlobalSection(ExtensibilityGlobals) = postSolution
		SolutionGuid = {8A8FE5D9-51BE-4BB8-BC0D-887AF7006AF3}
	EndGlobalSection
EndGlobal
